PODS:
  - agora_rtc_engine (0.0.1):
    - AgoraRtcEngine_macOS (= 2.9.3)
    - FlutterMacOS
  - AgoraRtcEngine_macOS (2.9.3)
  - FlutterMacOS (1.0.0)

DEPENDENCIES:
  - agora_rtc_engine (from `Flutter/ephemeral/.symlinks/plugins/agora_rtc_engine/macos`)
  - FlutterMacOS (from `Flutter/ephemeral/.symlinks/flutter/darwin-x64`)

SPEC REPOS:
  trunk:
    - AgoraRtcEngine_macOS

EXTERNAL SOURCES:
  agora_rtc_engine:
    :path: Flutter/ephemeral/.symlinks/plugins/agora_rtc_engine/macos
  FlutterMacOS:
    :path: Flutter/ephemeral/.symlinks/flutter/darwin-x64

SPEC CHECKSUMS:
  agora_rtc_engine: ebe7a006447cf84d20ea22a2bf24b9a3e7ad79b1
  AgoraRtcEngine_macOS: 23c215205b630a9b27a799a65068d8ca0b07b4ad
  FlutterMacOS: 15bea8a44d2fa024068daa0140371c020b4b6ff9

PODFILE CHECKSUM: d8ba9b3e9e93c62c74a660b46c6fcb09f03991a7

COCOAPODS: 1.8.4
